{
  "name": "contentful-demo-integration",
  "version": "1.0.0",
  "lockfileVersion": 1,
  "requires": true,
  "dependencies": {
    "autoprefixer": {
      "version": "7.1.1",
      "resolved": "https://registry.npmjs.org/autoprefixer/-/autoprefixer-7.1.1.tgz",
      "integrity": "sha1-l7yFTH0Ll5+NZIneVHoNF/swf20="
    },
    "babel-core": {
      "version": "6.25.0",
      "resolved": "https://registry.npmjs.org/babel-core/-/babel-core-6.25.0.tgz",
      "integrity": "sha1-fdQrBGPHQunVKW3rPsZ6kyLa1yk="
    },
    "babel-loader": {
      "version": "7.1.0",
      "resolved": "https://registry.npmjs.org/babel-loader/-/babel-loader-7.1.0.tgz",
      "integrity": "sha1-P78lgfCFd0vZZC3KmZDm1sFJEUQ="
    },
    "babel-plugin-transform-react-jsx": {
      "version": "6.24.1",
      "resolved": "https://registry.npmjs.org/babel-plugin-transform-react-jsx/-/babel-plugin-transform-react-jsx-6.24.1.tgz",
      "integrity": "sha1-hAoCjn30YN/DotKfDA2R9jduZqM="
    },
    "babel-preset-env": {
      "version": "1.5.2",
      "resolved": "https://registry.npmjs.org/babel-preset-env/-/babel-preset-env-1.5.2.tgz",
      "integrity": "sha1-zUrpCm6Utwn5c3SzPl+LmDVWre8="
    },
    "contentful": {
      "version": "4.4.4",
      "resolved": "https://registry.npmjs.org/contentful/-/contentful-4.4.4.tgz",
      "integrity": "sha512-dZgMcIARqOXraJW8+8KJxHtLbDyPZHnX1TYvVhKHHKpkmXsSgoRCzHp5rCXbFekCjRrUM7uw2S690AbXlvix1w=="
    },
    "marked": {
      "version": "0.3.18",
      "resolved": "https://registry.npmjs.org/marked/-/marked-0.3.18.tgz",
      "integrity": "sha512-49i2QYhfULqaXzNZpxC808PisuCTGT2fgG0zrzdCI9N3rIfAWfW0nggvbXr6zvpynZdOG5+9xNxdzP0kwZnERw=="
    },
    "preact": {
      "version": "8.1.0",
      "resolved": "https://registry.npmjs.org/preact/-/preact-8.1.0.tgz",
      "integrity": "sha1-8DW4CO67dORtViRrAsoPGQttZXQ="
    },
    "preact-router": {
      "version": "2.5.2",
      "resolved": "https://registry.npmjs.org/preact-router/-/preact-router-2.5.2.tgz",
      "integrity": "sha1-FUAvgJ9yNgBuQCFPz/rcrECb1pM="
    },
    "webpack": {
      "version": "2.6.1",
      "resolved": "https://registry.npmjs.org/webpack/-/webpack-2.6.1.tgz",
      "integrity": "sha1-LgRX8KuxrF3zqxBsacZy8jZ4Xwc=",
      "dependencies": {
        "loader-utils": {
          "version": "0.2.17",
          "resolved": "https://registry.npmjs.org/loader-utils/-/loader-utils-0.2.17.tgz",
          "integrity": "sha1-+G5jdNQyBabmxg6RlvF8Apm/s0g="
        },
        "supports-color": {
          "version": "3.2.3",
          "resolved": "https://registry.npmjs.org/supports-color/-/supports-color-3.2.3.tgz",
          "integrity": "sha1-ZawFBLOVQXHYpklGsq48u4pfVPY="
        }
      }
    },
    "webpack-dev-server": {
      "version": "2.5.0",
      "resolved": "https://registry.npmjs.org/webpack-dev-server/-/webpack-dev-server-2.5.0.tgz",
      "integrity": "sha1-TTanKLA7iyr6SO0wJCiEfOooQK0=",
      "dependencies": {
        "supports-color": {
          "version": "3.2.3",
          "resolved": "https://registry.npmjs.org/supports-color/-/supports-color-3.2.3.tgz",
          "integrity": "sha1-ZawFBLOVQXHYpklGsq48u4pfVPY="
        }
      }
    }
  }
}
